{
  "requires": true,
  "lockfileVersion": 1,
  "dependencies": {
    "@ionic-native/camera": {
      "version": "5.31.1",
      "resolved": "https://registry.npmjs.org/@ionic-native/camera/-/camera-5.31.1.tgz",
      "integrity": "sha512-t9tFAB+/yeIdaDmXAiTUhT3zfVlrdChxV0A8xbYQq1bFJM0o+h2v/r9u+42oHV+mFdQoHqQ3FIfRCUZan9x9FQ==",
      "requires": {
        "@types/cordova": "^0.0.34"
      }
    },
    "@types/cordova": {
      "version": "0.0.34",
      "resolved": "https://registry.npmjs.org/@types/cordova/-/cordova-0.0.34.tgz",
      "integrity": "sha1-6nrd907Ow9dimCegw54smt3HPQQ="
    },
    "cordova-plugin-camera": {
      "version": "5.0.1",
      "resolved": "https://registry.npmjs.org/cordova-plugin-camera/-/cordova-plugin-camera-5.0.1.tgz",
      "integrity": "sha512-9gXyZvI8u9KzsZuqmB8Yw+uheF+7f+usMAwvOMw7L7pqbykg+bm9US5zjhJbwit3A1cSblgZkpBafe5cFiMcTA=="
    }
  }
}
